<Solution>
  <Folder Name="/src/">
    <Project Path="src/Agnes.Abstractions/Agnes.Abstractions.csproj" />
    <Project Path="src/Agnes.Acp/Agnes.Acp.csproj" />
    <Project Path="src/Agnes.Agents.ClaudeCode/Agnes.Agents.ClaudeCode.csproj" />
    <Project Path="src/Agnes.Agents.OpenCode/Agnes.Agents.OpenCode.csproj" />
    <Project Path="src/Agnes.Agents.Native/Agnes.Agents.Native.csproj" />
    <Project Path="src/Agnes.Agents.Codex/Agnes.Agents.Codex.csproj" />
    <Project Path="src/Agnes.App.Desktop/Agnes.App.Desktop.csproj" />
    <Project Path="src/Agnes.Client.Simulation/Agnes.Client.Simulation.csproj" />
    <Project Path="src/Agnes.Client/Agnes.Client.csproj" />
    <Project Path="src/Agnes.Host/Agnes.Host.csproj" />
    <Project Path="src/Agnes.Protocol/Agnes.Protocol.csproj" />
    <Project Path="src/Agnes.Recording/Agnes.Recording.csproj" />
    <Project Path="src/Agnes.Sandbox/Agnes.Sandbox.csproj" />
    <Project Path="src/Agnes.Sandbox.Incus/Agnes.Sandbox.Incus.csproj" />
    <Project Path="src/Agnes.Ui.Core/Agnes.Ui.Core.csproj" />
  </Folder>
  <Folder Name="/tests/">
    <Project Path="tests/Agnes.Acp.Tests/Agnes.Acp.Tests.csproj" />
    <Project Path="tests/Agnes.Agents.Native.Tests/Agnes.Agents.Native.Tests.csproj" />
    <Project Path="tests/Agnes.Agents.Codex.Tests/Agnes.Agents.Codex.Tests.csproj" />
    <Project Path="tests/Agnes.Desktop.Tests/Agnes.Desktop.Tests.csproj" />
    <Project Path="tests/Agnes.Host.Tests/Agnes.Host.Tests.csproj" />
    <Project Path="tests/Agnes.Integration.Tests/Agnes.Integration.Tests.csproj" />
    <Project Path="tests/Agnes.Sandbox.Tests/Agnes.Sandbox.Tests.csproj" />
    <Project Path="tests/Agnes.TestKit/Agnes.TestKit.csproj" />
    <Project Path="tests/Agnes.Ui.Core.Tests/Agnes.Ui.Core.Tests.csproj" />
  </Folder>
  <Folder Name="/tools/">
    <Project Path="tools/Agnes.Record/Agnes.Record.csproj" />
    <Project Path="tools/Agnes.Screenshots/Agnes.Screenshots.csproj" />
  </Folder>
</Solution>
