<Solution>
  <Folder Name="/src/">
    <Project Path="src/Agnes.Abstractions/Agnes.Abstractions.csproj" />
    <Project Path="src/Agnes.Acp/Agnes.Acp.csproj" />
    <Project Path="src/Agnes.Agents.ClaudeCode/Agnes.Agents.ClaudeCode.csproj" />
    <Project Path="src/Agnes.Client/Agnes.Client.csproj" />
    <Project Path="src/Agnes.Host/Agnes.Host.csproj" />
    <Project Path="src/Agnes.Protocol/Agnes.Protocol.csproj" />
    <Project Path="src/Agnes.Ui.Core/Agnes.Ui.Core.csproj" />
  </Folder>
  <Folder Name="/tests/">
    <Project Path="tests/Agnes.Acp.Tests/Agnes.Acp.Tests.csproj" />
    <Project Path="tests/Agnes.Host.Tests/Agnes.Host.Tests.csproj" />
    <Project Path="tests/Agnes.Integration.Tests/Agnes.Integration.Tests.csproj" />
    <Project Path="tests/Agnes.TestKit/Agnes.TestKit.csproj" />
    <Project Path="tests/Agnes.Ui.Core.Tests/Agnes.Ui.Core.Tests.csproj" />
  </Folder>
</Solution>
